
Microsoft Visual Studio Solution File, Format Version 12.00
# Visual Studio Version 17
VisualStudioVersion = 17.0.32014.148
MinimumVisualStudioVersion = 10.0.40219.1
Project("{FAE04EC0-301F-11D3-BF4B-00C04F79EFBC}") = "EduSys", "EduSys.csproj", "{95551E39-1F0C-447F-9576-5B7A5409F822}"
EndProject
Global
	GlobalSection(SolutionConfigurationPlatforms) = preSolution
		Debug|Any CPU = Debug|Any CPU
		Release|Any CPU = Release|Any CPU
	EndGlobalSection
	GlobalSection(ProjectConfigurationPlatforms) = postSolution
		{95551E39-1F0C-447F-9576-5B7A5409F822}.Debug|Any CPU.ActiveCfg = Debug|Any CPU
		{95551E39-1F0C-447F-9576-5B7A5409F822}.Debug|Any CPU.Build.0 = Debug|Any CPU
		{95551E39-1F0C-447F-9576-5B7A5409F822}.Release|Any CPU.ActiveCfg = Release|Any CPU
		{95551E39-1F0C-447F-9576-5B7A5409F822}.Release|Any CPU.Build.0 = Release|Any CPU
	EndGlobalSection
	GlobalSection(SolutionProperties) = preSolution
		HideSolutionNode = FALSE
	EndGlobalSection
	GlobalSection(ExtensibilityGlobals) = postSolution
		SolutionGuid = {16D8C20C-B3BB-4BA8-B743-D4B41A050D00}
	EndGlobalSection
EndGlobal
